
Microsoft Visual Studio Solution File, Format Version 12.00
# Visual Studio 15
VisualStudioVersion = 15.0.28307.852
MinimumVisualStudioVersion = 10.0.40219.1
Project("{FAE04EC0-301F-11D3-BF4B-00C04F79EFBC}") = "TextRekognition", "TextRekognition\TextRekognition.csproj", "{84A04C43-2FDC-4335-8210-EFF36ACA25D8}"
EndProject
Project("{FAE04EC0-301F-11D3-BF4B-00C04F79EFBC}") = "TextRekognition.UI", "TextRekognition.UI\TextRekognition.UI.csproj", "{60CC3DFE-1747-4CA7-B504-207CB780BCBA}"
EndProject
Global
	GlobalSection(SolutionConfigurationPlatforms) = preSolution
		Debug|Any CPU = Debug|Any CPU
		Release|Any CPU = Release|Any CPU
	EndGlobalSection
	GlobalSection(ProjectConfigurationPlatforms) = postSolution
		{84A04C43-2FDC-4335-8210-EFF36ACA25D8}.Debug|Any CPU.ActiveCfg = Debug|Any CPU
		{84A04C43-2FDC-4335-8210-EFF36ACA25D8}.Debug|Any CPU.Build.0 = Debug|Any CPU
		{84A04C43-2FDC-4335-8210-EFF36ACA25D8}.Release|Any CPU.ActiveCfg = Release|Any CPU
		{84A04C43-2FDC-4335-8210-EFF36ACA25D8}.Release|Any CPU.Build.0 = Release|Any CPU
		{60CC3DFE-1747-4CA7-B504-207CB780BCBA}.Debug|Any CPU.ActiveCfg = Debug|Any CPU
		{60CC3DFE-1747-4CA7-B504-207CB780BCBA}.Debug|Any CPU.Build.0 = Debug|Any CPU
		{60CC3DFE-1747-4CA7-B504-207CB780BCBA}.Release|Any CPU.ActiveCfg = Release|Any CPU
		{60CC3DFE-1747-4CA7-B504-207CB780BCBA}.Release|Any CPU.Build.0 = Release|Any CPU
	EndGlobalSection
	GlobalSection(SolutionProperties) = preSolution
		HideSolutionNode = FALSE
	EndGlobalSection
	GlobalSection(ExtensibilityGlobals) = postSolution
		SolutionGuid = {B068040B-A041-46B5-97E4-A6CFAF0BC27C}
	EndGlobalSection
EndGlobal
